
Microsoft Visual Studio Solution File, Format Version 12.00
# Visual Studio 15
VisualStudioVersion = 15.0.28010.2026
MinimumVisualStudioVersion = 10.0.40219.1
Project("{FAE04EC0-301F-11D3-BF4B-00C04F79EFBC}") = "CalcPoint", "CalcPoint\CalcPoint.csproj", "{4623C093-88FB-47D2-92A3-7DB62335D11F}"
EndProject
Global
	GlobalSection(SolutionConfigurationPlatforms) = preSolution
		Debug|Any CPU = Debug|Any CPU
		Release|Any CPU = Release|Any CPU
	EndGlobalSection
	GlobalSection(ProjectConfigurationPlatforms) = postSolution
		{4623C093-88FB-47D2-92A3-7DB62335D11F}.Debug|Any CPU.ActiveCfg = Debug|Any CPU
		{4623C093-88FB-47D2-92A3-7DB62335D11F}.Debug|Any CPU.Build.0 = Debug|Any CPU
		{4623C093-88FB-47D2-92A3-7DB62335D11F}.Release|Any CPU.ActiveCfg = Release|Any CPU
		{4623C093-88FB-47D2-92A3-7DB62335D11F}.Release|Any CPU.Build.0 = Release|Any CPU
	EndGlobalSection
	GlobalSection(SolutionProperties) = preSolution
		HideSolutionNode = FALSE
	EndGlobalSection
	GlobalSection(ExtensibilityGlobals) = postSolution
		SolutionGuid = {E3653591-08C1-4F19-9204-35A7E114EFE0}
	EndGlobalSection
EndGlobal
